
Microsoft Visual Studio Solution File, Format Version 12.00
# Visual Studio Version 17
VisualStudioVersion = 17.11.35312.102
MinimumVisualStudioVersion = 10.0.40219.1
Project("{FAE04EC0-301F-11D3-BF4B-00C04F79EFBC}") = "01_MainSubjects", "01_MainSubjects\01_MainSubjects.csproj", "{F4C5793D-1448-4A25-A1CE-52D4DFF42B13}"
EndProject
Project("{FAE04EC0-301F-11D3-BF4B-00C04F79EFBC}") = "02_Variable", "02_Variable\02_Variable.csproj", "{680F48D4-3007-454A-A2BB-65DFD9AD6B94}"
EndProject
Global
	GlobalSection(SolutionConfigurationPlatforms) = preSolution
		Debug|Any CPU = Debug|Any CPU
		Release|Any CPU = Release|Any CPU
	EndGlobalSection
	GlobalSection(ProjectConfigurationPlatforms) = postSolution
		{F4C5793D-1448-4A25-A1CE-52D4DFF42B13}.Debug|Any CPU.ActiveCfg = Debug|Any CPU
		{F4C5793D-1448-4A25-A1CE-52D4DFF42B13}.Debug|Any CPU.Build.0 = Debug|Any CPU
		{F4C5793D-1448-4A25-A1CE-52D4DFF42B13}.Release|Any CPU.ActiveCfg = Release|Any CPU
		{F4C5793D-1448-4A25-A1CE-52D4DFF42B13}.Release|Any CPU.Build.0 = Release|Any CPU
		{680F48D4-3007-454A-A2BB-65DFD9AD6B94}.Debug|Any CPU.ActiveCfg = Debug|Any CPU
		{680F48D4-3007-454A-A2BB-65DFD9AD6B94}.Debug|Any CPU.Build.0 = Debug|Any CPU
		{680F48D4-3007-454A-A2BB-65DFD9AD6B94}.Release|Any CPU.ActiveCfg = Release|Any CPU
		{680F48D4-3007-454A-A2BB-65DFD9AD6B94}.Release|Any CPU.Build.0 = Release|Any CPU
	EndGlobalSection
	GlobalSection(SolutionProperties) = preSolution
		HideSolutionNode = FALSE
	EndGlobalSection
	GlobalSection(ExtensibilityGlobals) = postSolution
		SolutionGuid = {19C4F512-B9D5-4C3C-8C71-373CBF220D1C}
	EndGlobalSection
EndGlobal
